
Microsoft Visual Studio Solution File, Format Version 11.00
# Visual Studio 2010
Project("{FAE04EC0-301F-11D3-BF4B-00C04F79EFBC}") = "Web", "Web\Web.csproj", "{69927D83-DECF-4254-816F-C09B3F4F5BD4}"
EndProject
Project("{FAE04EC0-301F-11D3-BF4B-00C04F79EFBC}") = "SqlDataAccess", "SqlDataAccess\SqlDataAccess.csproj", "{7FAA24DF-9C8C-441E-8E83-559C324706E2}"
EndProject
Project("{FAE04EC0-301F-11D3-BF4B-00C04F79EFBC}") = "Domain", "Domain\Domain.csproj", "{5DB041C1-95D1-43C8-BE6E-2E3FC02E3961}"
EndProject
Project("{FAE04EC0-301F-11D3-BF4B-00C04F79EFBC}") = "Core", "Core\Core.csproj", "{7311A77B-F613-4D1B-9103-ABC777E0D415}"
EndProject
Project("{FAE04EC0-301F-11D3-BF4B-00C04F79EFBC}") = "Service", "Service\Service.csproj", "{97934BF2-8A3A-4C79-9287-39A54A0FF8DF}"
EndProject
Global
	GlobalSection(VaultVsipSolution-v1) = preSolution
		VaultHost = http://localhost/VaultService
		VaultRepositoryID = 2
		VaultRepositoryGUID = 31744236-77cc-405b-b351-b431db91e9d7
		ProjectCount = 5
		ProjectRelativeDiskPath1 = Web\Web.csproj
		ProjectRelativeDiskPath2 = SqlDataAccess\SqlDataAccess.csproj
		ProjectRelativeDiskPath3 = Domain\Domain.csproj
		ProjectRelativeDiskPath4 = Core\Core.csproj
		ProjectRelativeDiskPath5 = Service\Service.csproj
	EndGlobalSection
	GlobalSection(SolutionConfigurationPlatforms) = preSolution
		Debug|Any CPU = Debug|Any CPU
		Release|Any CPU = Release|Any CPU
	EndGlobalSection
	GlobalSection(ProjectConfigurationPlatforms) = postSolution
		{69927D83-DECF-4254-816F-C09B3F4F5BD4}.Debug|Any CPU.ActiveCfg = Debug|Any CPU
		{69927D83-DECF-4254-816F-C09B3F4F5BD4}.Debug|Any CPU.Build.0 = Debug|Any CPU
		{69927D83-DECF-4254-816F-C09B3F4F5BD4}.Release|Any CPU.ActiveCfg = Release|Any CPU
		{69927D83-DECF-4254-816F-C09B3F4F5BD4}.Release|Any CPU.Build.0 = Release|Any CPU
		{7FAA24DF-9C8C-441E-8E83-559C324706E2}.Debug|Any CPU.ActiveCfg = Debug|Any CPU
		{7FAA24DF-9C8C-441E-8E83-559C324706E2}.Debug|Any CPU.Build.0 = Debug|Any CPU
		{7FAA24DF-9C8C-441E-8E83-559C324706E2}.Release|Any CPU.ActiveCfg = Release|Any CPU
		{7FAA24DF-9C8C-441E-8E83-559C324706E2}.Release|Any CPU.Build.0 = Release|Any CPU
		{5DB041C1-95D1-43C8-BE6E-2E3FC02E3961}.Debug|Any CPU.ActiveCfg = Debug|Any CPU
		{5DB041C1-95D1-43C8-BE6E-2E3FC02E3961}.Debug|Any CPU.Build.0 = Debug|Any CPU
		{5DB041C1-95D1-43C8-BE6E-2E3FC02E3961}.Release|Any CPU.ActiveCfg = Release|Any CPU
		{5DB041C1-95D1-43C8-BE6E-2E3FC02E3961}.Release|Any CPU.Build.0 = Release|Any CPU
		{7311A77B-F613-4D1B-9103-ABC777E0D415}.Debug|Any CPU.ActiveCfg = Debug|Any CPU
		{7311A77B-F613-4D1B-9103-ABC777E0D415}.Debug|Any CPU.Build.0 = Debug|Any CPU
		{7311A77B-F613-4D1B-9103-ABC777E0D415}.Release|Any CPU.ActiveCfg = Release|Any CPU
		{7311A77B-F613-4D1B-9103-ABC777E0D415}.Release|Any CPU.Build.0 = Release|Any CPU
		{97934BF2-8A3A-4C79-9287-39A54A0FF8DF}.Debug|Any CPU.ActiveCfg = Debug|Any CPU
		{97934BF2-8A3A-4C79-9287-39A54A0FF8DF}.Debug|Any CPU.Build.0 = Debug|Any CPU
		{97934BF2-8A3A-4C79-9287-39A54A0FF8DF}.Release|Any CPU.ActiveCfg = Release|Any CPU
		{97934BF2-8A3A-4C79-9287-39A54A0FF8DF}.Release|Any CPU.Build.0 = Release|Any CPU
	EndGlobalSection
	GlobalSection(SolutionProperties) = preSolution
		HideSolutionNode = FALSE
	EndGlobalSection
EndGlobal
